
Microsoft Visual Studio Solution File, Format Version 12.00
# Visual Studio Version 17
VisualStudioVersion = 17.4.33103.184
MinimumVisualStudioVersion = 10.0.40219.1
Project("{FAE04EC0-301F-11D3-BF4B-00C04F79EFBC}") = "Course7", "Course7\Course7.csproj", "{EBE36A67-BD44-4061-84E6-5F910C4E7D65}"
EndProject
Global
	GlobalSection(SolutionConfigurationPlatforms) = preSolution
		Debug|Any CPU = Debug|Any CPU
		Release|Any CPU = Release|Any CPU
	EndGlobalSection
	GlobalSection(ProjectConfigurationPlatforms) = postSolution
		{EBE36A67-BD44-4061-84E6-5F910C4E7D65}.Debug|Any CPU.ActiveCfg = Debug|Any CPU
		{EBE36A67-BD44-4061-84E6-5F910C4E7D65}.Debug|Any CPU.Build.0 = Debug|Any CPU
		{EBE36A67-BD44-4061-84E6-5F910C4E7D65}.Release|Any CPU.ActiveCfg = Release|Any CPU
		{EBE36A67-BD44-4061-84E6-5F910C4E7D65}.Release|Any CPU.Build.0 = Release|Any CPU
	EndGlobalSection
	GlobalSection(SolutionProperties) = preSolution
		HideSolutionNode = FALSE
	EndGlobalSection
	GlobalSection(ExtensibilityGlobals) = postSolution
		SolutionGuid = {95BC651A-9772-43F4-A34B-642642C57AC2}
	EndGlobalSection
EndGlobal
